
Microsoft Visual Studio Solution File, Format Version 12.00
# Visual Studio Version 16
VisualStudioVersion = 16.0.29709.97
MinimumVisualStudioVersion = 10.0.40219.1
Project("{9A19103F-16F7-4668-BE54-9A1E7A4F7556}") = "D2_ConditionalStatements", "D2_ConditionalStatements.csproj", "{D88D8CAA-9DF1-4174-91E0-95434F798A7E}"
EndProject
Global
	GlobalSection(SolutionConfigurationPlatforms) = preSolution
		Debug|Any CPU = Debug|Any CPU
		Release|Any CPU = Release|Any CPU
	EndGlobalSection
	GlobalSection(ProjectConfigurationPlatforms) = postSolution
		{D88D8CAA-9DF1-4174-91E0-95434F798A7E}.Debug|Any CPU.ActiveCfg = Debug|Any CPU
		{D88D8CAA-9DF1-4174-91E0-95434F798A7E}.Debug|Any CPU.Build.0 = Debug|Any CPU
		{D88D8CAA-9DF1-4174-91E0-95434F798A7E}.Release|Any CPU.ActiveCfg = Release|Any CPU
		{D88D8CAA-9DF1-4174-91E0-95434F798A7E}.Release|Any CPU.Build.0 = Release|Any CPU
	EndGlobalSection
	GlobalSection(SolutionProperties) = preSolution
		HideSolutionNode = FALSE
	EndGlobalSection
	GlobalSection(ExtensibilityGlobals) = postSolution
		SolutionGuid = {6FDC4280-2960-482B-B97F-8AC7C91F972D}
	EndGlobalSection
EndGlobal
